
Microsoft Visual Studio Solution File, Format Version 12.00
# Visual Studio Version 17
VisualStudioVersion = 17.5.33530.505
MinimumVisualStudioVersion = 10.0.40219.1
Project("{9A19103F-16F7-4668-BE54-9A1E7A4F7556}") = "ExchangeRates.API", "ExchangeRates.API\ExchangeRates.API.csproj", "{8D7CFBDA-6D9C-41A0-9468-6CA076F35352}"
EndProject
Project("{9A19103F-16F7-4668-BE54-9A1E7A4F7556}") = "ExchangeRates.BackgroundWorker", "ExchangeRates.BackgroundWorker\ExchangeRates.BackgroundWorker.csproj", "{FB4EF773-35DD-4724-A0CA-8CB9264AA204}"
EndProject
Project("{9A19103F-16F7-4668-BE54-9A1E7A4F7556}") = "ExchangeRates.Application", "ExchangeRates.Application\ExchangeRates.Application.csproj", "{8DE4AC2A-BA8A-4A0E-ACD9-3DDF16497D9E}"
EndProject
Project("{9A19103F-16F7-4668-BE54-9A1E7A4F7556}") = "ExchangeRates.Domain", "ExchangeRates.Domain\ExchangeRates.Domain.csproj", "{5CEE12B5-F0A7-4E2B-B3AD-7D5517B45039}"
EndProject
Project("{FAE04EC0-301F-11D3-BF4B-00C04F79EFBC}") = "ExchangeRates.Infrastructure", "ExchangeRates.Infrastructure\ExchangeRates.Infrastructure.csproj", "{A36FB86A-5BFD-4EB6-A49F-1D2F4680A37B}"
EndProject
Project("{9A19103F-16F7-4668-BE54-9A1E7A4F7556}") = "ExchangeRates.Shared", "ExchangeRates.Shared\ExchangeRates.Shared.csproj", "{78593C41-EADE-4612-9F7D-2DFB2E2A742A}"
EndProject
Global
	GlobalSection(SolutionConfigurationPlatforms) = preSolution
		Debug|Any CPU = Debug|Any CPU
		Release|Any CPU = Release|Any CPU
	EndGlobalSection
	GlobalSection(ProjectConfigurationPlatforms) = postSolution
		{8D7CFBDA-6D9C-41A0-9468-6CA076F35352}.Debug|Any CPU.ActiveCfg = Debug|Any CPU
		{8D7CFBDA-6D9C-41A0-9468-6CA076F35352}.Debug|Any CPU.Build.0 = Debug|Any CPU
		{8D7CFBDA-6D9C-41A0-9468-6CA076F35352}.Release|Any CPU.ActiveCfg = Release|Any CPU
		{8D7CFBDA-6D9C-41A0-9468-6CA076F35352}.Release|Any CPU.Build.0 = Release|Any CPU
		{FB4EF773-35DD-4724-A0CA-8CB9264AA204}.Debug|Any CPU.ActiveCfg = Debug|Any CPU
		{FB4EF773-35DD-4724-A0CA-8CB9264AA204}.Debug|Any CPU.Build.0 = Debug|Any CPU
		{FB4EF773-35DD-4724-A0CA-8CB9264AA204}.Release|Any CPU.ActiveCfg = Release|Any CPU
		{FB4EF773-35DD-4724-A0CA-8CB9264AA204}.Release|Any CPU.Build.0 = Release|Any CPU
		{8DE4AC2A-BA8A-4A0E-ACD9-3DDF16497D9E}.Debug|Any CPU.ActiveCfg = Debug|Any CPU
		{8DE4AC2A-BA8A-4A0E-ACD9-3DDF16497D9E}.Debug|Any CPU.Build.0 = Debug|Any CPU
		{8DE4AC2A-BA8A-4A0E-ACD9-3DDF16497D9E}.Release|Any CPU.ActiveCfg = Release|Any CPU
		{8DE4AC2A-BA8A-4A0E-ACD9-3DDF16497D9E}.Release|Any CPU.Build.0 = Release|Any CPU
		{5CEE12B5-F0A7-4E2B-B3AD-7D5517B45039}.Debug|Any CPU.ActiveCfg = Debug|Any CPU
		{5CEE12B5-F0A7-4E2B-B3AD-7D5517B45039}.Debug|Any CPU.Build.0 = Debug|Any CPU
		{5CEE12B5-F0A7-4E2B-B3AD-7D5517B45039}.Release|Any CPU.ActiveCfg = Release|Any CPU
		{5CEE12B5-F0A7-4E2B-B3AD-7D5517B45039}.Release|Any CPU.Build.0 = Release|Any CPU
		{A36FB86A-5BFD-4EB6-A49F-1D2F4680A37B}.Debug|Any CPU.ActiveCfg = Debug|Any CPU
		{A36FB86A-5BFD-4EB6-A49F-1D2F4680A37B}.Debug|Any CPU.Build.0 = Debug|Any CPU
		{A36FB86A-5BFD-4EB6-A49F-1D2F4680A37B}.Release|Any CPU.ActiveCfg = Release|Any CPU
		{A36FB86A-5BFD-4EB6-A49F-1D2F4680A37B}.Release|Any CPU.Build.0 = Release|Any CPU
		{78593C41-EADE-4612-9F7D-2DFB2E2A742A}.Debug|Any CPU.ActiveCfg = Debug|Any CPU
		{78593C41-EADE-4612-9F7D-2DFB2E2A742A}.Debug|Any CPU.Build.0 = Debug|Any CPU
		{78593C41-EADE-4612-9F7D-2DFB2E2A742A}.Release|Any CPU.ActiveCfg = Release|Any CPU
		{78593C41-EADE-4612-9F7D-2DFB2E2A742A}.Release|Any CPU.Build.0 = Release|Any CPU
	EndGlobalSection
	GlobalSection(SolutionProperties) = preSolution
		HideSolutionNode = FALSE
	EndGlobalSection
	GlobalSection(ExtensibilityGlobals) = postSolution
		SolutionGuid = {5F559574-AF56-45D7-9CF1-BDE5DD533E79}
	EndGlobalSection
EndGlobal
